
Microsoft Visual Studio Solution File, Format Version 12.00
# Visual Studio Version 16
VisualStudioVersion = 16.0.29806.167
MinimumVisualStudioVersion = 10.0.40219.1
Project("{FAE04EC0-301F-11D3-BF4B-00C04F79EFBC}") = "ADOWebApp", "ADOWebApp\ADOWebApp.csproj", "{8FF88A7B-181D-49C1-B6C8-B909DE774B39}"
EndProject
Global
	GlobalSection(SolutionConfigurationPlatforms) = preSolution
		Debug|Any CPU = Debug|Any CPU
		Release|Any CPU = Release|Any CPU
	EndGlobalSection
	GlobalSection(ProjectConfigurationPlatforms) = postSolution
		{8FF88A7B-181D-49C1-B6C8-B909DE774B39}.Debug|Any CPU.ActiveCfg = Debug|Any CPU
		{8FF88A7B-181D-49C1-B6C8-B909DE774B39}.Debug|Any CPU.Build.0 = Debug|Any CPU
		{8FF88A7B-181D-49C1-B6C8-B909DE774B39}.Release|Any CPU.ActiveCfg = Release|Any CPU
		{8FF88A7B-181D-49C1-B6C8-B909DE774B39}.Release|Any CPU.Build.0 = Release|Any CPU
	EndGlobalSection
	GlobalSection(SolutionProperties) = preSolution
		HideSolutionNode = FALSE
	EndGlobalSection
	GlobalSection(ExtensibilityGlobals) = postSolution
		SolutionGuid = {21E57936-6542-4C0E-AA95-31C7D8C7F036}
	EndGlobalSection
EndGlobal
